
Microsoft Visual Studio Solution File, Format Version 11.00
# Visual C# Express 2010
Project("{FAE04EC0-301F-11D3-BF4B-00C04F79EFBC}") = "05 property of object using code", "05 property of object using code\05 property of object using code.csproj", "{EB7D8139-132D-40C6-BEBE-5582CCC30A02}"
EndProject
Global
	GlobalSection(SolutionConfigurationPlatforms) = preSolution
		Debug|x86 = Debug|x86
		Release|x86 = Release|x86
	EndGlobalSection
	GlobalSection(ProjectConfigurationPlatforms) = postSolution
		{EB7D8139-132D-40C6-BEBE-5582CCC30A02}.Debug|x86.ActiveCfg = Debug|x86
		{EB7D8139-132D-40C6-BEBE-5582CCC30A02}.Debug|x86.Build.0 = Debug|x86
		{EB7D8139-132D-40C6-BEBE-5582CCC30A02}.Release|x86.ActiveCfg = Release|x86
		{EB7D8139-132D-40C6-BEBE-5582CCC30A02}.Release|x86.Build.0 = Release|x86
	EndGlobalSection
	GlobalSection(SolutionProperties) = preSolution
		HideSolutionNode = FALSE
	EndGlobalSection
EndGlobal
