
Microsoft Visual Studio Solution File, Format Version 11.00
# Visual C# Express 2010
Project("{FAE04EC0-301F-11D3-BF4B-00C04F79EFBC}") = "19 Overview of Namespaces and classes", "19 Overview of Namespaces and classes\19 Overview of Namespaces and classes.csproj", "{FBDFDE09-74CD-452B-A59B-FEBE52A22055}"
EndProject
Global
	GlobalSection(SolutionConfigurationPlatforms) = preSolution
		Debug|x86 = Debug|x86
		Release|x86 = Release|x86
	EndGlobalSection
	GlobalSection(ProjectConfigurationPlatforms) = postSolution
		{FBDFDE09-74CD-452B-A59B-FEBE52A22055}.Debug|x86.ActiveCfg = Debug|x86
		{FBDFDE09-74CD-452B-A59B-FEBE52A22055}.Debug|x86.Build.0 = Debug|x86
		{FBDFDE09-74CD-452B-A59B-FEBE52A22055}.Release|x86.ActiveCfg = Release|x86
		{FBDFDE09-74CD-452B-A59B-FEBE52A22055}.Release|x86.Build.0 = Release|x86
	EndGlobalSection
	GlobalSection(SolutionProperties) = preSolution
		HideSolutionNode = FALSE
	EndGlobalSection
EndGlobal
