
Microsoft Visual Studio Solution File, Format Version 11.00
# Visual C# Express 2010
Project("{FAE04EC0-301F-11D3-BF4B-00C04F79EFBC}") = "87 - Multiple Forms1", "87 - Multiple Forms1\87 - Multiple Forms1.csproj", "{E01E7BC9-CFC7-4FF0-BF98-F4F71B6F7D66}"
EndProject
Global
	GlobalSection(SolutionConfigurationPlatforms) = preSolution
		Debug|x86 = Debug|x86
		Release|x86 = Release|x86
	EndGlobalSection
	GlobalSection(ProjectConfigurationPlatforms) = postSolution
		{E01E7BC9-CFC7-4FF0-BF98-F4F71B6F7D66}.Debug|x86.ActiveCfg = Debug|x86
		{E01E7BC9-CFC7-4FF0-BF98-F4F71B6F7D66}.Debug|x86.Build.0 = Debug|x86
		{E01E7BC9-CFC7-4FF0-BF98-F4F71B6F7D66}.Release|x86.ActiveCfg = Release|x86
		{E01E7BC9-CFC7-4FF0-BF98-F4F71B6F7D66}.Release|x86.Build.0 = Release|x86
	EndGlobalSection
	GlobalSection(SolutionProperties) = preSolution
		HideSolutionNode = FALSE
	EndGlobalSection
EndGlobal
