
Microsoft Visual Studio Solution File, Format Version 12.00
# Visual Studio Express 2012 for Windows Desktop
Project("{FAE04EC0-301F-11D3-BF4B-00C04F79EFBC}") = "176 - Notified When Files Change", "176 - Notified When Files Change\176 - Notified When Files Change.csproj", "{6E90FCA1-E897-4DB7-A9C8-BD55E7D1B575}"
EndProject
Global
	GlobalSection(SolutionConfigurationPlatforms) = preSolution
		Debug|Any CPU = Debug|Any CPU
		Release|Any CPU = Release|Any CPU
	EndGlobalSection
	GlobalSection(ProjectConfigurationPlatforms) = postSolution
		{6E90FCA1-E897-4DB7-A9C8-BD55E7D1B575}.Debug|Any CPU.ActiveCfg = Debug|Any CPU
		{6E90FCA1-E897-4DB7-A9C8-BD55E7D1B575}.Debug|Any CPU.Build.0 = Debug|Any CPU
		{6E90FCA1-E897-4DB7-A9C8-BD55E7D1B575}.Release|Any CPU.ActiveCfg = Release|Any CPU
		{6E90FCA1-E897-4DB7-A9C8-BD55E7D1B575}.Release|Any CPU.Build.0 = Release|Any CPU
	EndGlobalSection
	GlobalSection(SolutionProperties) = preSolution
		HideSolutionNode = FALSE
	EndGlobalSection
EndGlobal
