
Microsoft Visual Studio Solution File, Format Version 12.00
# Visual Studio Express 2012 for Windows Desktop
Project("{FAE04EC0-301F-11D3-BF4B-00C04F79EFBC}") = "148 - 151 Overloading Operators pt 1-4", "148 - 151 Overloading Operators pt 1-4\148 - 151 Overloading Operators pt 1-4.csproj", "{CC6453F5-CA16-40D9-BB45-6E21908FA3A4}"
EndProject
Global
	GlobalSection(SolutionConfigurationPlatforms) = preSolution
		Debug|Any CPU = Debug|Any CPU
		Release|Any CPU = Release|Any CPU
	EndGlobalSection
	GlobalSection(ProjectConfigurationPlatforms) = postSolution
		{CC6453F5-CA16-40D9-BB45-6E21908FA3A4}.Debug|Any CPU.ActiveCfg = Debug|Any CPU
		{CC6453F5-CA16-40D9-BB45-6E21908FA3A4}.Debug|Any CPU.Build.0 = Debug|Any CPU
		{CC6453F5-CA16-40D9-BB45-6E21908FA3A4}.Release|Any CPU.ActiveCfg = Release|Any CPU
		{CC6453F5-CA16-40D9-BB45-6E21908FA3A4}.Release|Any CPU.Build.0 = Release|Any CPU
	EndGlobalSection
	GlobalSection(SolutionProperties) = preSolution
		HideSolutionNode = FALSE
	EndGlobalSection
EndGlobal
