
Microsoft Visual Studio Solution File, Format Version 11.00
# Visual C# Express 2010
Project("{FAE04EC0-301F-11D3-BF4B-00C04F79EFBC}") = "89 - ComboBox Control", "89 - ComboBox Control\89 - ComboBox Control.csproj", "{F15BA9C7-ED25-45F0-A728-B7C6ED10A1FF}"
EndProject
Global
	GlobalSection(SolutionConfigurationPlatforms) = preSolution
		Debug|x86 = Debug|x86
		Release|x86 = Release|x86
	EndGlobalSection
	GlobalSection(ProjectConfigurationPlatforms) = postSolution
		{F15BA9C7-ED25-45F0-A728-B7C6ED10A1FF}.Debug|x86.ActiveCfg = Debug|x86
		{F15BA9C7-ED25-45F0-A728-B7C6ED10A1FF}.Debug|x86.Build.0 = Debug|x86
		{F15BA9C7-ED25-45F0-A728-B7C6ED10A1FF}.Release|x86.ActiveCfg = Release|x86
		{F15BA9C7-ED25-45F0-A728-B7C6ED10A1FF}.Release|x86.Build.0 = Release|x86
	EndGlobalSection
	GlobalSection(SolutionProperties) = preSolution
		HideSolutionNode = FALSE
	EndGlobalSection
EndGlobal
