
Microsoft Visual Studio Solution File, Format Version 12.00
# Visual Studio Express 2012 for Windows Desktop
Project("{FAE04EC0-301F-11D3-BF4B-00C04F79EFBC}") = "168 - Make a Class for a Foreach Loop", "168 - Make a Class for a Foreach Loop\168 - Make a Class for a Foreach Loop.csproj", "{0B2238D2-4F4D-4EBE-8971-6278676A27FC}"
EndProject
Global
	GlobalSection(SolutionConfigurationPlatforms) = preSolution
		Debug|Any CPU = Debug|Any CPU
		Release|Any CPU = Release|Any CPU
	EndGlobalSection
	GlobalSection(ProjectConfigurationPlatforms) = postSolution
		{0B2238D2-4F4D-4EBE-8971-6278676A27FC}.Debug|Any CPU.ActiveCfg = Debug|Any CPU
		{0B2238D2-4F4D-4EBE-8971-6278676A27FC}.Debug|Any CPU.Build.0 = Debug|Any CPU
		{0B2238D2-4F4D-4EBE-8971-6278676A27FC}.Release|Any CPU.ActiveCfg = Release|Any CPU
		{0B2238D2-4F4D-4EBE-8971-6278676A27FC}.Release|Any CPU.Build.0 = Release|Any CPU
	EndGlobalSection
	GlobalSection(SolutionProperties) = preSolution
		HideSolutionNode = FALSE
	EndGlobalSection
EndGlobal
