
Microsoft Visual Studio Solution File, Format Version 11.00
# Visual C# Express 2010
Project("{FAE04EC0-301F-11D3-BF4B-00C04F79EFBC}") = "102 - Property Grid", "102 - Property Grid\102 - Property Grid.csproj", "{2ECD3B2E-1DEC-411A-9C51-7EE87D03E055}"
EndProject
Global
	GlobalSection(SolutionConfigurationPlatforms) = preSolution
		Debug|x86 = Debug|x86
		Release|x86 = Release|x86
	EndGlobalSection
	GlobalSection(ProjectConfigurationPlatforms) = postSolution
		{2ECD3B2E-1DEC-411A-9C51-7EE87D03E055}.Debug|x86.ActiveCfg = Debug|x86
		{2ECD3B2E-1DEC-411A-9C51-7EE87D03E055}.Debug|x86.Build.0 = Debug|x86
		{2ECD3B2E-1DEC-411A-9C51-7EE87D03E055}.Release|x86.ActiveCfg = Release|x86
		{2ECD3B2E-1DEC-411A-9C51-7EE87D03E055}.Release|x86.Build.0 = Release|x86
	EndGlobalSection
	GlobalSection(SolutionProperties) = preSolution
		HideSolutionNode = FALSE
	EndGlobalSection
EndGlobal
