
Microsoft Visual Studio Solution File, Format Version 11.00
# Visual C# Express 2010
Project("{FAE04EC0-301F-11D3-BF4B-00C04F79EFBC}") = "58 Directory Class prt2", "58 Directory Class prt2\58 Directory Class prt2.csproj", "{63DEF57D-6858-4ECC-965B-CAC7D0E67918}"
EndProject
Global
	GlobalSection(SolutionConfigurationPlatforms) = preSolution
		Debug|x86 = Debug|x86
		Release|x86 = Release|x86
	EndGlobalSection
	GlobalSection(ProjectConfigurationPlatforms) = postSolution
		{63DEF57D-6858-4ECC-965B-CAC7D0E67918}.Debug|x86.ActiveCfg = Debug|x86
		{63DEF57D-6858-4ECC-965B-CAC7D0E67918}.Debug|x86.Build.0 = Debug|x86
		{63DEF57D-6858-4ECC-965B-CAC7D0E67918}.Release|x86.ActiveCfg = Release|x86
		{63DEF57D-6858-4ECC-965B-CAC7D0E67918}.Release|x86.Build.0 = Release|x86
	EndGlobalSection
	GlobalSection(SolutionProperties) = preSolution
		HideSolutionNode = FALSE
	EndGlobalSection
EndGlobal
