
Microsoft Visual Studio Solution File, Format Version 12.00
# Visual Studio Express 2012 for Windows Desktop
Project("{FAE04EC0-301F-11D3-BF4B-00C04F79EFBC}") = "169 - 175 Proj 4 Address Book Making UI", "169 - 175 Proj 4 Address Book Making UI\169 - 175 Proj 4 Address Book Making UI.csproj", "{1050F77E-10D1-40FD-BEC3-A02DF339249F}"
EndProject
Global
	GlobalSection(SolutionConfigurationPlatforms) = preSolution
		Debug|Any CPU = Debug|Any CPU
		Release|Any CPU = Release|Any CPU
	EndGlobalSection
	GlobalSection(ProjectConfigurationPlatforms) = postSolution
		{1050F77E-10D1-40FD-BEC3-A02DF339249F}.Debug|Any CPU.ActiveCfg = Debug|Any CPU
		{1050F77E-10D1-40FD-BEC3-A02DF339249F}.Debug|Any CPU.Build.0 = Debug|Any CPU
		{1050F77E-10D1-40FD-BEC3-A02DF339249F}.Release|Any CPU.ActiveCfg = Release|Any CPU
		{1050F77E-10D1-40FD-BEC3-A02DF339249F}.Release|Any CPU.Build.0 = Release|Any CPU
	EndGlobalSection
	GlobalSection(SolutionProperties) = preSolution
		HideSolutionNode = FALSE
	EndGlobalSection
EndGlobal
