
Microsoft Visual Studio Solution File, Format Version 11.00
# Visual C# Express 2010
Project("{FAE04EC0-301F-11D3-BF4B-00C04F79EFBC}") = "85 - Playing Sounds", "85 - Playing Sounds\85 - Playing Sounds.csproj", "{4B5C44CA-598E-47CB-A7A1-EC32DB010237}"
EndProject
Global
	GlobalSection(SolutionConfigurationPlatforms) = preSolution
		Debug|x86 = Debug|x86
		Release|x86 = Release|x86
	EndGlobalSection
	GlobalSection(ProjectConfigurationPlatforms) = postSolution
		{4B5C44CA-598E-47CB-A7A1-EC32DB010237}.Debug|x86.ActiveCfg = Debug|x86
		{4B5C44CA-598E-47CB-A7A1-EC32DB010237}.Debug|x86.Build.0 = Debug|x86
		{4B5C44CA-598E-47CB-A7A1-EC32DB010237}.Release|x86.ActiveCfg = Release|x86
		{4B5C44CA-598E-47CB-A7A1-EC32DB010237}.Release|x86.Build.0 = Release|x86
	EndGlobalSection
	GlobalSection(SolutionProperties) = preSolution
		HideSolutionNode = FALSE
	EndGlobalSection
EndGlobal
