
Microsoft Visual Studio Solution File, Format Version 11.00
# Visual C# Express 2010
Project("{FAE04EC0-301F-11D3-BF4B-00C04F79EFBC}") = "97 - Opening Files With Your App", "97 - Opening Files With Your App\97 - Opening Files With Your App.csproj", "{5097264C-A3C3-4B59-87BA-9EC05DABADA8}"
EndProject
Global
	GlobalSection(SolutionConfigurationPlatforms) = preSolution
		Debug|x86 = Debug|x86
		Release|x86 = Release|x86
	EndGlobalSection
	GlobalSection(ProjectConfigurationPlatforms) = postSolution
		{5097264C-A3C3-4B59-87BA-9EC05DABADA8}.Debug|x86.ActiveCfg = Debug|x86
		{5097264C-A3C3-4B59-87BA-9EC05DABADA8}.Debug|x86.Build.0 = Debug|x86
		{5097264C-A3C3-4B59-87BA-9EC05DABADA8}.Release|x86.ActiveCfg = Release|x86
		{5097264C-A3C3-4B59-87BA-9EC05DABADA8}.Release|x86.Build.0 = Release|x86
	EndGlobalSection
	GlobalSection(SolutionProperties) = preSolution
		HideSolutionNode = FALSE
	EndGlobalSection
EndGlobal
