
Microsoft Visual Studio Solution File, Format Version 11.00
# Visual C# Express 2010
Project("{FAE04EC0-301F-11D3-BF4B-00C04F79EFBC}") = "123 - Drawing Strings Text", "123 - Drawing Strings Text\123 - Drawing Strings Text.csproj", "{3916FF05-E720-4EB4-88A5-5E7F9BCE8169}"
EndProject
Global
	GlobalSection(SolutionConfigurationPlatforms) = preSolution
		Debug|x86 = Debug|x86
		Release|x86 = Release|x86
	EndGlobalSection
	GlobalSection(ProjectConfigurationPlatforms) = postSolution
		{3916FF05-E720-4EB4-88A5-5E7F9BCE8169}.Debug|x86.ActiveCfg = Debug|x86
		{3916FF05-E720-4EB4-88A5-5E7F9BCE8169}.Debug|x86.Build.0 = Debug|x86
		{3916FF05-E720-4EB4-88A5-5E7F9BCE8169}.Release|x86.ActiveCfg = Release|x86
		{3916FF05-E720-4EB4-88A5-5E7F9BCE8169}.Release|x86.Build.0 = Release|x86
	EndGlobalSection
	GlobalSection(SolutionProperties) = preSolution
		HideSolutionNode = FALSE
	EndGlobalSection
EndGlobal
