
Microsoft Visual Studio Solution File, Format Version 11.00
# Visual C# Express 2010
Project("{FAE04EC0-301F-11D3-BF4B-00C04F79EFBC}") = "33 Ternay Operator", "33 Ternay Operator\33 Ternay Operator.csproj", "{897C62E6-453C-4E88-A077-75BEB384C49D}"
EndProject
Global
	GlobalSection(SolutionConfigurationPlatforms) = preSolution
		Debug|x86 = Debug|x86
		Release|x86 = Release|x86
	EndGlobalSection
	GlobalSection(ProjectConfigurationPlatforms) = postSolution
		{897C62E6-453C-4E88-A077-75BEB384C49D}.Debug|x86.ActiveCfg = Debug|x86
		{897C62E6-453C-4E88-A077-75BEB384C49D}.Debug|x86.Build.0 = Debug|x86
		{897C62E6-453C-4E88-A077-75BEB384C49D}.Release|x86.ActiveCfg = Release|x86
		{897C62E6-453C-4E88-A077-75BEB384C49D}.Release|x86.Build.0 = Release|x86
	EndGlobalSection
	GlobalSection(SolutionProperties) = preSolution
		HideSolutionNode = FALSE
	EndGlobalSection
EndGlobal
