
Microsoft Visual Studio Solution File, Format Version 11.00
# Visual C# Express 2010
Project("{FAE04EC0-301F-11D3-BF4B-00C04F79EFBC}") = "104 - Accessing All Controls pt 2", "104 - Accessing All Controls pt 2\104 - Accessing All Controls pt 2.csproj", "{58CF0D35-C00B-4331-B9EE-091D6EB2CD1A}"
EndProject
Global
	GlobalSection(SolutionConfigurationPlatforms) = preSolution
		Debug|x86 = Debug|x86
		Release|x86 = Release|x86
	EndGlobalSection
	GlobalSection(ProjectConfigurationPlatforms) = postSolution
		{58CF0D35-C00B-4331-B9EE-091D6EB2CD1A}.Debug|x86.ActiveCfg = Debug|x86
		{58CF0D35-C00B-4331-B9EE-091D6EB2CD1A}.Debug|x86.Build.0 = Debug|x86
		{58CF0D35-C00B-4331-B9EE-091D6EB2CD1A}.Release|x86.ActiveCfg = Release|x86
		{58CF0D35-C00B-4331-B9EE-091D6EB2CD1A}.Release|x86.Build.0 = Release|x86
	EndGlobalSection
	GlobalSection(SolutionProperties) = preSolution
		HideSolutionNode = FALSE
	EndGlobalSection
EndGlobal
