
Microsoft Visual Studio Solution File, Format Version 11.00
# Visual C# Express 2010
Project("{FAE04EC0-301F-11D3-BF4B-00C04F79EFBC}") = "106 - WebBrowser Control pt 2", "106 - WebBrowser Control pt 2\106 - WebBrowser Control pt 2.csproj", "{FBA7F080-FC06-4AEC-82C2-CC17849100AE}"
EndProject
Global
	GlobalSection(SolutionConfigurationPlatforms) = preSolution
		Debug|x86 = Debug|x86
		Release|x86 = Release|x86
	EndGlobalSection
	GlobalSection(ProjectConfigurationPlatforms) = postSolution
		{FBA7F080-FC06-4AEC-82C2-CC17849100AE}.Debug|x86.ActiveCfg = Debug|x86
		{FBA7F080-FC06-4AEC-82C2-CC17849100AE}.Debug|x86.Build.0 = Debug|x86
		{FBA7F080-FC06-4AEC-82C2-CC17849100AE}.Release|x86.ActiveCfg = Release|x86
		{FBA7F080-FC06-4AEC-82C2-CC17849100AE}.Release|x86.Build.0 = Release|x86
	EndGlobalSection
	GlobalSection(SolutionProperties) = preSolution
		HideSolutionNode = FALSE
	EndGlobalSection
EndGlobal
