
Microsoft Visual Studio Solution File, Format Version 12.00
# Visual Studio Express 2012 for Windows Desktop
Project("{FAE04EC0-301F-11D3-BF4B-00C04F79EFBC}") = "39 StreamReader pt3 Writing", "39 StreamReader pt3 Writing\39 StreamReader pt3 Writing.csproj", "{BB18F8C6-5E95-420E-B11A-41BB1FF5C8CC}"
EndProject
Global
	GlobalSection(SolutionConfigurationPlatforms) = preSolution
		Debug|Any CPU = Debug|Any CPU
		Release|Any CPU = Release|Any CPU
	EndGlobalSection
	GlobalSection(ProjectConfigurationPlatforms) = postSolution
		{BB18F8C6-5E95-420E-B11A-41BB1FF5C8CC}.Debug|Any CPU.ActiveCfg = Debug|Any CPU
		{BB18F8C6-5E95-420E-B11A-41BB1FF5C8CC}.Debug|Any CPU.Build.0 = Debug|Any CPU
		{BB18F8C6-5E95-420E-B11A-41BB1FF5C8CC}.Release|Any CPU.ActiveCfg = Release|Any CPU
		{BB18F8C6-5E95-420E-B11A-41BB1FF5C8CC}.Release|Any CPU.Build.0 = Release|Any CPU
	EndGlobalSection
	GlobalSection(SolutionProperties) = preSolution
		HideSolutionNode = FALSE
	EndGlobalSection
EndGlobal
