
Microsoft Visual Studio Solution File, Format Version 11.00
# Visual C# Express 2010
Project("{FAE04EC0-301F-11D3-BF4B-00C04F79EFBC}") = "127 - PathGradientBrush pt 2", "127 - PathGradientBrush pt 2\127 - PathGradientBrush pt 2.csproj", "{DE799BCA-E0D6-40BF-A9E7-A5B12403CD99}"
EndProject
Global
	GlobalSection(SolutionConfigurationPlatforms) = preSolution
		Debug|x86 = Debug|x86
		Release|x86 = Release|x86
	EndGlobalSection
	GlobalSection(ProjectConfigurationPlatforms) = postSolution
		{DE799BCA-E0D6-40BF-A9E7-A5B12403CD99}.Debug|x86.ActiveCfg = Debug|x86
		{DE799BCA-E0D6-40BF-A9E7-A5B12403CD99}.Debug|x86.Build.0 = Debug|x86
		{DE799BCA-E0D6-40BF-A9E7-A5B12403CD99}.Release|x86.ActiveCfg = Release|x86
		{DE799BCA-E0D6-40BF-A9E7-A5B12403CD99}.Release|x86.Build.0 = Release|x86
	EndGlobalSection
	GlobalSection(SolutionProperties) = preSolution
		HideSolutionNode = FALSE
	EndGlobalSection
EndGlobal
